
Microsoft Visual Studio Solution File, Format Version 12.00
Project("{FAE04EC0-301F-11D3-BF4B-00C04F79EFBC}") = "AdventOfCode", "AdventOfCode\AdventOfCode.csproj", "{BA2F23E1-AA62-4EC1-B005-7E0F149B3BA0}"
EndProject
Project("{FAE04EC0-301F-11D3-BF4B-00C04F79EFBC}") = "AdventOfCode.Domain", "AdventOfCode.Domain\AdventOfCode.Domain.csproj", "{260DAB36-5DD2-4261-A66B-769828EB18EB}"
EndProject
Project("{FAE04EC0-301F-11D3-BF4B-00C04F79EFBC}") = "AdventOfCode.TwentyTwo", "AdventOfCode.TwentyTwo\AdventOfCode.TwentyTwo.csproj", "{C5EF0FE0-002A-429D-A592-F21A4FCBF031}"
EndProject
Project("{FAE04EC0-301F-11D3-BF4B-00C04F79EFBC}") = "AdventOfCode.TwentyTwo.Tests", "AdventOfCode.TwentyTwo.Tests\AdventOfCode.TwentyTwo.Tests.csproj", "{7E54A5D7-D51F-4324-AA55-95A0A5DEA0F4}"
EndProject
Global
	GlobalSection(SolutionConfigurationPlatforms) = preSolution
		Debug|Any CPU = Debug|Any CPU
		Release|Any CPU = Release|Any CPU
	EndGlobalSection
	GlobalSection(ProjectConfigurationPlatforms) = postSolution
		{BA2F23E1-AA62-4EC1-B005-7E0F149B3BA0}.Debug|Any CPU.ActiveCfg = Debug|Any CPU
		{BA2F23E1-AA62-4EC1-B005-7E0F149B3BA0}.Debug|Any CPU.Build.0 = Debug|Any CPU
		{BA2F23E1-AA62-4EC1-B005-7E0F149B3BA0}.Release|Any CPU.ActiveCfg = Release|Any CPU
		{BA2F23E1-AA62-4EC1-B005-7E0F149B3BA0}.Release|Any CPU.Build.0 = Release|Any CPU
		{260DAB36-5DD2-4261-A66B-769828EB18EB}.Debug|Any CPU.ActiveCfg = Debug|Any CPU
		{260DAB36-5DD2-4261-A66B-769828EB18EB}.Debug|Any CPU.Build.0 = Debug|Any CPU
		{260DAB36-5DD2-4261-A66B-769828EB18EB}.Release|Any CPU.ActiveCfg = Release|Any CPU
		{260DAB36-5DD2-4261-A66B-769828EB18EB}.Release|Any CPU.Build.0 = Release|Any CPU
		{C5EF0FE0-002A-429D-A592-F21A4FCBF031}.Debug|Any CPU.ActiveCfg = Debug|Any CPU
		{C5EF0FE0-002A-429D-A592-F21A4FCBF031}.Debug|Any CPU.Build.0 = Debug|Any CPU
		{C5EF0FE0-002A-429D-A592-F21A4FCBF031}.Release|Any CPU.ActiveCfg = Release|Any CPU
		{C5EF0FE0-002A-429D-A592-F21A4FCBF031}.Release|Any CPU.Build.0 = Release|Any CPU
		{7E54A5D7-D51F-4324-AA55-95A0A5DEA0F4}.Debug|Any CPU.ActiveCfg = Debug|Any CPU
		{7E54A5D7-D51F-4324-AA55-95A0A5DEA0F4}.Debug|Any CPU.Build.0 = Debug|Any CPU
		{7E54A5D7-D51F-4324-AA55-95A0A5DEA0F4}.Release|Any CPU.ActiveCfg = Release|Any CPU
		{7E54A5D7-D51F-4324-AA55-95A0A5DEA0F4}.Release|Any CPU.Build.0 = Release|Any CPU
	EndGlobalSection
EndGlobal
